
Microsoft Visual Studio Solution File, Format Version 12.00
Project("{FAE04EC0-301F-11D3-BF4B-00C04F79EFBC}") = "Jwt", "src\Jwt\Jwt.csproj", "{4CFEA593-2CF8-409E-B52E-F38CD702D2CC}"
EndProject
Project("{FAE04EC0-301F-11D3-BF4B-00C04F79EFBC}") = "ConsoleMisc", "src\ConsoleMisc\ConsoleMisc.csproj", "{083B04B9-1821-4A1E-88EA-2D8A291973EA}"
EndProject
Project("{FAE04EC0-301F-11D3-BF4B-00C04F79EFBC}") = "HealthChecks", "src\HealthChecks\HealthChecks.csproj", "{50110DE2-EC87-48D3-8F1F-32C45E940C03}"
EndProject
Project("{FAE04EC0-301F-11D3-BF4B-00C04F79EFBC}") = "Watchdogs", "src\Watchdogs\Watchdogs.csproj", "{8D03B8D6-4126-46BF-B425-E0D3E7442738}"
EndProject
Project("{2150E333-8FDC-42A3-9474-1A3956D46DE8}") = "HealthChecks", "HealthChecks", "{48A3098B-AF74-43EE-9466-967C66D8AC15}"
EndProject
Project("{2150E333-8FDC-42A3-9474-1A3956D46DE8}") = "Rabbit", "Rabbit", "{FCAF13CC-0E2B-4944-8034-09A371500DCA}"
EndProject
Project("{2150E333-8FDC-42A3-9474-1A3956D46DE8}") = "RabbitMQ.Client", "RabbitMQ.Client", "{1DCA088C-85BE-472F-8964-8BEC05ED7AB1}"
EndProject
Project("{FAE04EC0-301F-11D3-BF4B-00C04F79EFBC}") = "RabbitProducerWorker", "src\Rabbit\RabbitMQ.Client\RabbitProducerWorker\RabbitProducerWorker.csproj", "{EAC3F826-F1AF-4A8B-A61E-403382E5E3D5}"
EndProject
Project("{FAE04EC0-301F-11D3-BF4B-00C04F79EFBC}") = "RabbitConsumerWorker", "src\Rabbit\RabbitMQ.Client\RabbitConsumerWorker\RabbitConsumerWorker.csproj", "{7EE66E35-F269-48C4-82E7-6C2678542E2E}"
EndProject
Project("{FAE04EC0-301F-11D3-BF4B-00C04F79EFBC}") = "RabbitPub", "src\Rabbit\RabbitMQ.Client\RabbitPub\RabbitPub.csproj", "{2E5C3906-9107-4456-882E-7DFC13351D53}"
EndProject
Project("{FAE04EC0-301F-11D3-BF4B-00C04F79EFBC}") = "RabbitSub", "src\Rabbit\RabbitMQ.Client\RabbitSub\RabbitSub.csproj", "{9AEECF60-A3B7-403F-8F8F-A6CB524D5111}"
EndProject
Project("{2150E333-8FDC-42A3-9474-1A3956D46DE8}") = "EasyNetQ", "EasyNetQ", "{1F9CB41E-6C17-4C2E-8AEE-1020D923FB18}"
EndProject
Project("{FAE04EC0-301F-11D3-BF4B-00C04F79EFBC}") = "EasyNetQProducer", "src\Rabbit\EasyNetQ\EasyNetQProducer\EasyNetQProducer.csproj", "{75DAA70E-6225-48DB-B4C5-0F03C607BCF8}"
EndProject
Global
	GlobalSection(SolutionConfigurationPlatforms) = preSolution
		Debug|Any CPU = Debug|Any CPU
		Release|Any CPU = Release|Any CPU
	EndGlobalSection
	GlobalSection(ProjectConfigurationPlatforms) = postSolution
		{4CFEA593-2CF8-409E-B52E-F38CD702D2CC}.Debug|Any CPU.ActiveCfg = Debug|Any CPU
		{4CFEA593-2CF8-409E-B52E-F38CD702D2CC}.Debug|Any CPU.Build.0 = Debug|Any CPU
		{4CFEA593-2CF8-409E-B52E-F38CD702D2CC}.Release|Any CPU.ActiveCfg = Release|Any CPU
		{4CFEA593-2CF8-409E-B52E-F38CD702D2CC}.Release|Any CPU.Build.0 = Release|Any CPU
		{083B04B9-1821-4A1E-88EA-2D8A291973EA}.Debug|Any CPU.ActiveCfg = Debug|Any CPU
		{083B04B9-1821-4A1E-88EA-2D8A291973EA}.Debug|Any CPU.Build.0 = Debug|Any CPU
		{083B04B9-1821-4A1E-88EA-2D8A291973EA}.Release|Any CPU.ActiveCfg = Release|Any CPU
		{083B04B9-1821-4A1E-88EA-2D8A291973EA}.Release|Any CPU.Build.0 = Release|Any CPU
		{50110DE2-EC87-48D3-8F1F-32C45E940C03}.Debug|Any CPU.ActiveCfg = Debug|Any CPU
		{50110DE2-EC87-48D3-8F1F-32C45E940C03}.Debug|Any CPU.Build.0 = Debug|Any CPU
		{50110DE2-EC87-48D3-8F1F-32C45E940C03}.Release|Any CPU.ActiveCfg = Release|Any CPU
		{50110DE2-EC87-48D3-8F1F-32C45E940C03}.Release|Any CPU.Build.0 = Release|Any CPU
		{8D03B8D6-4126-46BF-B425-E0D3E7442738}.Debug|Any CPU.ActiveCfg = Debug|Any CPU
		{8D03B8D6-4126-46BF-B425-E0D3E7442738}.Debug|Any CPU.Build.0 = Debug|Any CPU
		{8D03B8D6-4126-46BF-B425-E0D3E7442738}.Release|Any CPU.ActiveCfg = Release|Any CPU
		{8D03B8D6-4126-46BF-B425-E0D3E7442738}.Release|Any CPU.Build.0 = Release|Any CPU
		{EAC3F826-F1AF-4A8B-A61E-403382E5E3D5}.Debug|Any CPU.ActiveCfg = Debug|Any CPU
		{EAC3F826-F1AF-4A8B-A61E-403382E5E3D5}.Debug|Any CPU.Build.0 = Debug|Any CPU
		{EAC3F826-F1AF-4A8B-A61E-403382E5E3D5}.Release|Any CPU.ActiveCfg = Release|Any CPU
		{EAC3F826-F1AF-4A8B-A61E-403382E5E3D5}.Release|Any CPU.Build.0 = Release|Any CPU
		{7EE66E35-F269-48C4-82E7-6C2678542E2E}.Debug|Any CPU.ActiveCfg = Debug|Any CPU
		{7EE66E35-F269-48C4-82E7-6C2678542E2E}.Debug|Any CPU.Build.0 = Debug|Any CPU
		{7EE66E35-F269-48C4-82E7-6C2678542E2E}.Release|Any CPU.ActiveCfg = Release|Any CPU
		{7EE66E35-F269-48C4-82E7-6C2678542E2E}.Release|Any CPU.Build.0 = Release|Any CPU
		{2E5C3906-9107-4456-882E-7DFC13351D53}.Debug|Any CPU.ActiveCfg = Debug|Any CPU
		{2E5C3906-9107-4456-882E-7DFC13351D53}.Debug|Any CPU.Build.0 = Debug|Any CPU
		{2E5C3906-9107-4456-882E-7DFC13351D53}.Release|Any CPU.ActiveCfg = Release|Any CPU
		{2E5C3906-9107-4456-882E-7DFC13351D53}.Release|Any CPU.Build.0 = Release|Any CPU
		{9AEECF60-A3B7-403F-8F8F-A6CB524D5111}.Debug|Any CPU.ActiveCfg = Debug|Any CPU
		{9AEECF60-A3B7-403F-8F8F-A6CB524D5111}.Debug|Any CPU.Build.0 = Debug|Any CPU
		{9AEECF60-A3B7-403F-8F8F-A6CB524D5111}.Release|Any CPU.ActiveCfg = Release|Any CPU
		{9AEECF60-A3B7-403F-8F8F-A6CB524D5111}.Release|Any CPU.Build.0 = Release|Any CPU
		{75DAA70E-6225-48DB-B4C5-0F03C607BCF8}.Debug|Any CPU.ActiveCfg = Debug|Any CPU
		{75DAA70E-6225-48DB-B4C5-0F03C607BCF8}.Debug|Any CPU.Build.0 = Debug|Any CPU
		{75DAA70E-6225-48DB-B4C5-0F03C607BCF8}.Release|Any CPU.ActiveCfg = Release|Any CPU
		{75DAA70E-6225-48DB-B4C5-0F03C607BCF8}.Release|Any CPU.Build.0 = Release|Any CPU
	EndGlobalSection
	GlobalSection(NestedProjects) = preSolution
		{50110DE2-EC87-48D3-8F1F-32C45E940C03} = {48A3098B-AF74-43EE-9466-967C66D8AC15}
		{8D03B8D6-4126-46BF-B425-E0D3E7442738} = {48A3098B-AF74-43EE-9466-967C66D8AC15}
		{1DCA088C-85BE-472F-8964-8BEC05ED7AB1} = {FCAF13CC-0E2B-4944-8034-09A371500DCA}
		{EAC3F826-F1AF-4A8B-A61E-403382E5E3D5} = {1DCA088C-85BE-472F-8964-8BEC05ED7AB1}
		{7EE66E35-F269-48C4-82E7-6C2678542E2E} = {1DCA088C-85BE-472F-8964-8BEC05ED7AB1}
		{2E5C3906-9107-4456-882E-7DFC13351D53} = {1DCA088C-85BE-472F-8964-8BEC05ED7AB1}
		{9AEECF60-A3B7-403F-8F8F-A6CB524D5111} = {1DCA088C-85BE-472F-8964-8BEC05ED7AB1}
		{1F9CB41E-6C17-4C2E-8AEE-1020D923FB18} = {FCAF13CC-0E2B-4944-8034-09A371500DCA}
		{75DAA70E-6225-48DB-B4C5-0F03C607BCF8} = {1F9CB41E-6C17-4C2E-8AEE-1020D923FB18}
	EndGlobalSection
EndGlobal
