
Microsoft Visual Studio Solution File, Format Version 12.00
Project("{FAE04EC0-301F-11D3-BF4B-00C04F79EFBC}") = "Jwt", "src\Jwt\Jwt.csproj", "{4CFEA593-2CF8-409E-B52E-F38CD702D2CC}"
EndProject
Project("{FAE04EC0-301F-11D3-BF4B-00C04F79EFBC}") = "ConsoleMisc", "src\ConsoleMisc\ConsoleMisc.csproj", "{083B04B9-1821-4A1E-88EA-2D8A291973EA}"
EndProject
Project("{FAE04EC0-301F-11D3-BF4B-00C04F79EFBC}") = "HealthChecks", "src\HealthChecks\HealthChecks.csproj", "{50110DE2-EC87-48D3-8F1F-32C45E940C03}"
EndProject
Project("{FAE04EC0-301F-11D3-BF4B-00C04F79EFBC}") = "Watchdogs", "src\Watchdogs\Watchdogs.csproj", "{8D03B8D6-4126-46BF-B425-E0D3E7442738}"
EndProject
Project("{2150E333-8FDC-42A3-9474-1A3956D46DE8}") = "HealthChecks", "HealthChecks", "{48A3098B-AF74-43EE-9466-967C66D8AC15}"
EndProject
Project("{2150E333-8FDC-42A3-9474-1A3956D46DE8}") = "Rabbit", "Rabbit", "{FCAF13CC-0E2B-4944-8034-09A371500DCA}"
EndProject
Project("{FAE04EC0-301F-11D3-BF4B-00C04F79EFBC}") = "RabbitProducer", "src\Rabbit\RabbitProducer\RabbitProducer.csproj", "{C5A4A105-55D5-46B4-8DAF-1365F9F4BA6F}"
EndProject
Project("{FAE04EC0-301F-11D3-BF4B-00C04F79EFBC}") = "RabbitProducerWorker", "src\Rabbit\RabbitProducerWorker\RabbitProducerWorker.csproj", "{F59BEF8E-17D3-4987-A873-BFDBE863F0E7}"
EndProject
Global
	GlobalSection(SolutionConfigurationPlatforms) = preSolution
		Debug|Any CPU = Debug|Any CPU
		Release|Any CPU = Release|Any CPU
	EndGlobalSection
	GlobalSection(ProjectConfigurationPlatforms) = postSolution
		{4CFEA593-2CF8-409E-B52E-F38CD702D2CC}.Debug|Any CPU.ActiveCfg = Debug|Any CPU
		{4CFEA593-2CF8-409E-B52E-F38CD702D2CC}.Debug|Any CPU.Build.0 = Debug|Any CPU
		{4CFEA593-2CF8-409E-B52E-F38CD702D2CC}.Release|Any CPU.ActiveCfg = Release|Any CPU
		{4CFEA593-2CF8-409E-B52E-F38CD702D2CC}.Release|Any CPU.Build.0 = Release|Any CPU
		{083B04B9-1821-4A1E-88EA-2D8A291973EA}.Debug|Any CPU.ActiveCfg = Debug|Any CPU
		{083B04B9-1821-4A1E-88EA-2D8A291973EA}.Debug|Any CPU.Build.0 = Debug|Any CPU
		{083B04B9-1821-4A1E-88EA-2D8A291973EA}.Release|Any CPU.ActiveCfg = Release|Any CPU
		{083B04B9-1821-4A1E-88EA-2D8A291973EA}.Release|Any CPU.Build.0 = Release|Any CPU
		{50110DE2-EC87-48D3-8F1F-32C45E940C03}.Debug|Any CPU.ActiveCfg = Debug|Any CPU
		{50110DE2-EC87-48D3-8F1F-32C45E940C03}.Debug|Any CPU.Build.0 = Debug|Any CPU
		{50110DE2-EC87-48D3-8F1F-32C45E940C03}.Release|Any CPU.ActiveCfg = Release|Any CPU
		{50110DE2-EC87-48D3-8F1F-32C45E940C03}.Release|Any CPU.Build.0 = Release|Any CPU
		{8D03B8D6-4126-46BF-B425-E0D3E7442738}.Debug|Any CPU.ActiveCfg = Debug|Any CPU
		{8D03B8D6-4126-46BF-B425-E0D3E7442738}.Debug|Any CPU.Build.0 = Debug|Any CPU
		{8D03B8D6-4126-46BF-B425-E0D3E7442738}.Release|Any CPU.ActiveCfg = Release|Any CPU
		{8D03B8D6-4126-46BF-B425-E0D3E7442738}.Release|Any CPU.Build.0 = Release|Any CPU
		{C5A4A105-55D5-46B4-8DAF-1365F9F4BA6F}.Debug|Any CPU.ActiveCfg = Debug|Any CPU
		{C5A4A105-55D5-46B4-8DAF-1365F9F4BA6F}.Debug|Any CPU.Build.0 = Debug|Any CPU
		{C5A4A105-55D5-46B4-8DAF-1365F9F4BA6F}.Release|Any CPU.ActiveCfg = Release|Any CPU
		{C5A4A105-55D5-46B4-8DAF-1365F9F4BA6F}.Release|Any CPU.Build.0 = Release|Any CPU
		{F59BEF8E-17D3-4987-A873-BFDBE863F0E7}.Debug|Any CPU.ActiveCfg = Debug|Any CPU
		{F59BEF8E-17D3-4987-A873-BFDBE863F0E7}.Debug|Any CPU.Build.0 = Debug|Any CPU
		{F59BEF8E-17D3-4987-A873-BFDBE863F0E7}.Release|Any CPU.ActiveCfg = Release|Any CPU
		{F59BEF8E-17D3-4987-A873-BFDBE863F0E7}.Release|Any CPU.Build.0 = Release|Any CPU
	EndGlobalSection
	GlobalSection(NestedProjects) = preSolution
		{50110DE2-EC87-48D3-8F1F-32C45E940C03} = {48A3098B-AF74-43EE-9466-967C66D8AC15}
		{8D03B8D6-4126-46BF-B425-E0D3E7442738} = {48A3098B-AF74-43EE-9466-967C66D8AC15}
		{C5A4A105-55D5-46B4-8DAF-1365F9F4BA6F} = {FCAF13CC-0E2B-4944-8034-09A371500DCA}
		{F59BEF8E-17D3-4987-A873-BFDBE863F0E7} = {FCAF13CC-0E2B-4944-8034-09A371500DCA}
	EndGlobalSection
EndGlobal
