
Microsoft Visual Studio Solution File, Format Version 12.00
Project("{FAE04EC0-301F-11D3-BF4B-00C04F79EFBC}") = "Jwt", "src\Jwt\Jwt.csproj", "{4CFEA593-2CF8-409E-B52E-F38CD702D2CC}"
EndProject
Project("{FAE04EC0-301F-11D3-BF4B-00C04F79EFBC}") = "ConsoleMisc", "src\ConsoleMisc\ConsoleMisc.csproj", "{083B04B9-1821-4A1E-88EA-2D8A291973EA}"
EndProject
Project("{FAE04EC0-301F-11D3-BF4B-00C04F79EFBC}") = "HealthChecks", "src\HealthChecks\HealthChecks.csproj", "{50110DE2-EC87-48D3-8F1F-32C45E940C03}"
EndProject
Global
	GlobalSection(SolutionConfigurationPlatforms) = preSolution
		Debug|Any CPU = Debug|Any CPU
		Release|Any CPU = Release|Any CPU
	EndGlobalSection
	GlobalSection(ProjectConfigurationPlatforms) = postSolution
		{4CFEA593-2CF8-409E-B52E-F38CD702D2CC}.Debug|Any CPU.ActiveCfg = Debug|Any CPU
		{4CFEA593-2CF8-409E-B52E-F38CD702D2CC}.Debug|Any CPU.Build.0 = Debug|Any CPU
		{4CFEA593-2CF8-409E-B52E-F38CD702D2CC}.Release|Any CPU.ActiveCfg = Release|Any CPU
		{4CFEA593-2CF8-409E-B52E-F38CD702D2CC}.Release|Any CPU.Build.0 = Release|Any CPU
		{083B04B9-1821-4A1E-88EA-2D8A291973EA}.Debug|Any CPU.ActiveCfg = Debug|Any CPU
		{083B04B9-1821-4A1E-88EA-2D8A291973EA}.Debug|Any CPU.Build.0 = Debug|Any CPU
		{083B04B9-1821-4A1E-88EA-2D8A291973EA}.Release|Any CPU.ActiveCfg = Release|Any CPU
		{083B04B9-1821-4A1E-88EA-2D8A291973EA}.Release|Any CPU.Build.0 = Release|Any CPU
		{50110DE2-EC87-48D3-8F1F-32C45E940C03}.Debug|Any CPU.ActiveCfg = Debug|Any CPU
		{50110DE2-EC87-48D3-8F1F-32C45E940C03}.Debug|Any CPU.Build.0 = Debug|Any CPU
		{50110DE2-EC87-48D3-8F1F-32C45E940C03}.Release|Any CPU.ActiveCfg = Release|Any CPU
		{50110DE2-EC87-48D3-8F1F-32C45E940C03}.Release|Any CPU.Build.0 = Release|Any CPU
	EndGlobalSection
EndGlobal
